// !$*UTF8*$!
{
	archiveVersion = 1;
	classes = {
	};
	objectVersion = 51;
	objects = {

/* Begin PBXBuildFile section */
		3A9E2DB0608620F555B8BEEB /* Pods_Speedometer_SpeedometerUITests.framework in Frameworks */ = {isa = PBXBuildFile; fileRef = 063A212AB3093780F1CF9E49 /* Pods_Speedometer_SpeedometerUITests.framework */; };
		89DDCA69FC11B63A171DC3DA /* Pods_Speedometer.framework in Frameworks */ = {isa = PBXBuildFile; fileRef = 474C7CEAC4EEB8619226749A /* Pods_Speedometer.framework */; };
		8FDE1895194F1E691E0301C7 /* Pods_SpeedometerTests.framework in Frameworks */ = {isa = PBXBuildFile; fileRef = 0802460EF39A63B907061BE5 /* Pods_SpeedometerTests.framework */; };
		9BA97701249A1479002A5C2F /* AppDelegate.swift in Sources */ = {isa = PBXBuildFile; fileRef = 9BA97700249A1479002A5C2F /* AppDelegate.swift */; };
		9BA97703249A1479002A5C2F /* SceneDelegate.swift in Sources */ = {isa = PBXBuildFile; fileRef = 9BA97702249A1479002A5C2F /* SceneDelegate.swift */; };
		9BA97705249A1479002A5C2F /* ViewController.swift in Sources */ = {isa = PBXBuildFile; fileRef = 9BA97704249A1479002A5C2F /* ViewController.swift */; };
		9BA97708249A1479002A5C2F /* Main.storyboard in Resources */ = {isa = PBXBuildFile; fileRef = 9BA97706249A1479002A5C2F /* Main.storyboard */; };
		9BA9770A249A147F002A5C2F /* Assets.xcassets in Resources */ = {isa = PBXBuildFile; fileRef = 9BA97709249A147F002A5C2F /* Assets.xcassets */; };
		9BA9770D249A147F002A5C2F /* LaunchScreen.storyboard in Resources */ = {isa = PBXBuildFile; fileRef = 9BA9770B249A147F002A5C2F /* LaunchScreen.storyboard */; };
		9BA97718249A1480002A5C2F /* SpeedometerTests.swift in Sources */ = {isa = PBXBuildFile; fileRef = 9BA97717249A1480002A5C2F /* SpeedometerTests.swift */; };
		9BA97723249A1480002A5C2F /* SpeedometerUITests.swift in Sources */ = {isa = PBXBuildFile; fileRef = 9BA97722249A1480002A5C2F /* SpeedometerUITests.swift */; };
		9BE19229249A4F1C004527D3 /* SPDLocationManager.swift in Sources */ = {isa = PBXBuildFile; fileRef = 9BE19228249A4F1C004527D3 /* SPDLocationManager.swift */; };
		9BE1922B249AA86C004527D3 /* SPDLocationAuthorization.swift in Sources */ = {isa = PBXBuildFile; fileRef = 9BE1922A249AA86C004527D3 /* SPDLocationAuthorization.swift */; };
		9BE1922D249ABDFE004527D3 /* SPDLocationProvider.swift in Sources */ = {isa = PBXBuildFile; fileRef = 9BE1922C249ABDFE004527D3 /* SPDLocationProvider.swift */; };
		9BE1922F249AD97C004527D3 /* SPDLocationSpeedProvider.swift in Sources */ = {isa = PBXBuildFile; fileRef = 9BE1922E249AD97C004527D3 /* SPDLocationSpeedProvider.swift */; };
		9BE19231249ADD30004527D3 /* SPDLocationSpeedChecker.swift in Sources */ = {isa = PBXBuildFile; fileRef = 9BE19230249ADD30004527D3 /* SPDLocationSpeedChecker.swift */; };
		9BE19233249CF28D004527D3 /* MainAssembler.swift in Sources */ = {isa = PBXBuildFile; fileRef = 9BE19232249CF28D004527D3 /* MainAssembler.swift */; };
/* End PBXBuildFile section */

/* Begin PBXContainerItemProxy section */
		9BA97714249A1480002A5C2F /* PBXContainerItemProxy */ = {
			isa = PBXContainerItemProxy;
			containerPortal = 9BA976F5249A1478002A5C2F /* Project object */;
			proxyType = 1;
			remoteGlobalIDString = 9BA976FC249A1479002A5C2F;
			remoteInfo = Speedometer;
		};
		9BA9771F249A1480002A5C2F /* PBXContainerItemProxy */ = {
			isa = PBXContainerItemProxy;
			containerPortal = 9BA976F5249A1478002A5C2F /* Project object */;
			proxyType = 1;
			remoteGlobalIDString = 9BA976FC249A1479002A5C2F;
			remoteInfo = Speedometer;
		};
/* End PBXContainerItemProxy section */

/* Begin PBXFileReference section */
		063A212AB3093780F1CF9E49 /* Pods_Speedometer_SpeedometerUITests.framework */ = {isa = PBXFileReference; explicitFileType = wrapper.framework; includeInIndex = 0; path = Pods_Speedometer_SpeedometerUITests.framework; sourceTree = BUILT_PRODUCTS_DIR; };
		0802460EF39A63B907061BE5 /* Pods_SpeedometerTests.framework */ = {isa = PBXFileReference; explicitFileType = wrapper.framework; includeInIndex = 0; path = Pods_SpeedometerTests.framework; sourceTree = BUILT_PRODUCTS_DIR; };
		084D99D4BEDFC176EA5F555B /* Pods-Speedometer.release.xcconfig */ = {isa = PBXFileReference; includeInIndex = 1; lastKnownFileType = text.xcconfig; name = "Pods-Speedometer.release.xcconfig"; path = "Target Support Files/Pods-Speedometer/Pods-Speedometer.release.xcconfig"; sourceTree = "<group>"; };
		40C9A69521B5731224DB5B45 /* Pods-SpeedometerTests.debug.xcconfig */ = {isa = PBXFileReference; includeInIndex = 1; lastKnownFileType = text.xcconfig; name = "Pods-SpeedometerTests.debug.xcconfig"; path = "Target Support Files/Pods-SpeedometerTests/Pods-SpeedometerTests.debug.xcconfig"; sourceTree = "<group>"; };
		474C7CEAC4EEB8619226749A /* Pods_Speedometer.framework */ = {isa = PBXFileReference; explicitFileType = wrapper.framework; includeInIndex = 0; path = Pods_Speedometer.framework; sourceTree = BUILT_PRODUCTS_DIR; };
		5E5E3A5FEFE4A4FFC3CC8801 /* Pods-Speedometer-SpeedometerUITests.debug.xcconfig */ = {isa = PBXFileReference; includeInIndex = 1; lastKnownFileType = text.xcconfig; name = "Pods-Speedometer-SpeedometerUITests.debug.xcconfig"; path = "Target Support Files/Pods-Speedometer-SpeedometerUITests/Pods-Speedometer-SpeedometerUITests.debug.xcconfig"; sourceTree = "<group>"; };
		9BA976FD249A1479002A5C2F /* Speedometer.app */ = {isa = PBXFileReference; explicitFileType = wrapper.application; includeInIndex = 0; path = Speedometer.app; sourceTree = BUILT_PRODUCTS_DIR; };
		9BA97700249A1479002A5C2F /* AppDelegate.swift */ = {isa = PBXFileReference; lastKnownFileType = sourcecode.swift; path = AppDelegate.swift; sourceTree = "<group>"; };
		9BA97702249A1479002A5C2F /* SceneDelegate.swift */ = {isa = PBXFileReference; lastKnownFileType = sourcecode.swift; path = SceneDelegate.swift; sourceTree = "<group>"; };
		9BA97704249A1479002A5C2F /* ViewController.swift */ = {isa = PBXFileReference; lastKnownFileType = sourcecode.swift; path = ViewController.swift; sourceTree = "<group>"; };
		9BA97707249A1479002A5C2F /* Base */ = {isa = PBXFileReference; lastKnownFileType = file.storyboard; name = Base; path = Base.lproj/Main.storyboard; sourceTree = "<group>"; };
		9BA97709249A147F002A5C2F /* Assets.xcassets */ = {isa = PBXFileReference; lastKnownFileType = folder.assetcatalog; path = Assets.xcassets; sourceTree = "<group>"; };
		9BA9770C249A147F002A5C2F /* Base */ = {isa = PBXFileReference; lastKnownFileType = file.storyboard; name = Base; path = Base.lproj/LaunchScreen.storyboard; sourceTree = "<group>"; };
		9BA9770E249A147F002A5C2F /* Info.plist */ = {isa = PBXFileReference; lastKnownFileType = text.plist.xml; path = Info.plist; sourceTree = "<group>"; };
		9BA97713249A1480002A5C2F /* SpeedometerTests.xctest */ = {isa = PBXFileReference; explicitFileType = wrapper.cfbundle; includeInIndex = 0; path = SpeedometerTests.xctest; sourceTree = BUILT_PRODUCTS_DIR; };
		9BA97717249A1480002A5C2F /* SpeedometerTests.swift */ = {isa = PBXFileReference; lastKnownFileType = sourcecode.swift; path = SpeedometerTests.swift; sourceTree = "<group>"; };
		9BA97719249A1480002A5C2F /* Info.plist */ = {isa = PBXFileReference; lastKnownFileType = text.plist.xml; path = Info.plist; sourceTree = "<group>"; };
		9BA9771E249A1480002A5C2F /* SpeedometerUITests.xctest */ = {isa = PBXFileReference; explicitFileType = wrapper.cfbundle; includeInIndex = 0; path = SpeedometerUITests.xctest; sourceTree = BUILT_PRODUCTS_DIR; };
		9BA97722249A1480002A5C2F /* SpeedometerUITests.swift */ = {isa = PBXFileReference; lastKnownFileType = sourcecode.swift; path = SpeedometerUITests.swift; sourceTree = "<group>"; };
		9BA97724249A1480002A5C2F /* Info.plist */ = {isa = PBXFileReference; lastKnownFileType = text.plist.xml; path = Info.plist; sourceTree = "<group>"; };
		9BE19228249A4F1C004527D3 /* SPDLocationManager.swift */ = {isa = PBXFileReference; lastKnownFileType = sourcecode.swift; path = SPDLocationManager.swift; sourceTree = "<group>"; };
		9BE1922A249AA86C004527D3 /* SPDLocationAuthorization.swift */ = {isa = PBXFileReference; lastKnownFileType = sourcecode.swift; path = SPDLocationAuthorization.swift; sourceTree = "<group>"; };
		9BE1922C249ABDFE004527D3 /* SPDLocationProvider.swift */ = {isa = PBXFileReference; lastKnownFileType = sourcecode.swift; path = SPDLocationProvider.swift; sourceTree = "<group>"; };
		9BE1922E249AD97C004527D3 /* SPDLocationSpeedProvider.swift */ = {isa = PBXFileReference; lastKnownFileType = sourcecode.swift; path = SPDLocationSpeedProvider.swift; sourceTree = "<group>"; };
		9BE19230249ADD30004527D3 /* SPDLocationSpeedChecker.swift */ = {isa = PBXFileReference; lastKnownFileType = sourcecode.swift; path = SPDLocationSpeedChecker.swift; sourceTree = "<group>"; };
		9BE19232249CF28D004527D3 /* MainAssembler.swift */ = {isa = PBXFileReference; lastKnownFileType = sourcecode.swift; path = MainAssembler.swift; sourceTree = "<group>"; };
		A10DF6664744B4FC36979D52 /* Pods-Speedometer.debug.xcconfig */ = {isa = PBXFileReference; includeInIndex = 1; lastKnownFileType = text.xcconfig; name = "Pods-Speedometer.debug.xcconfig"; path = "Target Support Files/Pods-Speedometer/Pods-Speedometer.debug.xcconfig"; sourceTree = "<group>"; };
		B9DA22B5D812465507295ED9 /* Pods-Speedometer-SpeedometerUITests.release.xcconfig */ = {isa = PBXFileReference; includeInIndex = 1; lastKnownFileType = text.xcconfig; name = "Pods-Speedometer-SpeedometerUITests.release.xcconfig"; path = "Target Support Files/Pods-Speedometer-SpeedometerUITests/Pods-Speedometer-SpeedometerUITests.release.xcconfig"; sourceTree = "<group>"; };
		FB83475782FCBA53BC1AB134 /* Pods-SpeedometerTests.release.xcconfig */ = {isa = PBXFileReference; includeInIndex = 1; lastKnownFileType = text.xcconfig; name = "Pods-SpeedometerTests.release.xcconfig"; path = "Target Support Files/Pods-SpeedometerTests/Pods-SpeedometerTests.release.xcconfig"; sourceTree = "<group>"; };
/* End PBXFileReference section */

/* Begin PBXFrameworksBuildPhase section */
		9BA976FA249A1479002A5C2F /* Frameworks */ = {
			isa = PBXFrameworksBuildPhase;
			buildActionMask = 2147483647;
			files = (
				89DDCA69FC11B63A171DC3DA /* Pods_Speedometer.framework in Frameworks */,
			);
			runOnlyForDeploymentPostprocessing = 0;
		};
		9BA97710249A1480002A5C2F /* Frameworks */ = {
			isa = PBXFrameworksBuildPhase;
			buildActionMask = 2147483647;
			files = (
				8FDE1895194F1E691E0301C7 /* Pods_SpeedometerTests.framework in Frameworks */,
			);
			runOnlyForDeploymentPostprocessing = 0;
		};
		9BA9771B249A1480002A5C2F /* Frameworks */ = {
			isa = PBXFrameworksBuildPhase;
			buildActionMask = 2147483647;
			files = (
				3A9E2DB0608620F555B8BEEB /* Pods_Speedometer_SpeedometerUITests.framework in Frameworks */,
			);
			runOnlyForDeploymentPostprocessing = 0;
		};
/* End PBXFrameworksBuildPhase section */

/* Begin PBXGroup section */
		85CDF2EC2D5829F6024920F1 /* Pods */ = {
			isa = PBXGroup;
			children = (
				A10DF6664744B4FC36979D52 /* Pods-Speedometer.debug.xcconfig */,
				084D99D4BEDFC176EA5F555B /* Pods-Speedometer.release.xcconfig */,
				5E5E3A5FEFE4A4FFC3CC8801 /* Pods-Speedometer-SpeedometerUITests.debug.xcconfig */,
				B9DA22B5D812465507295ED9 /* Pods-Speedometer-SpeedometerUITests.release.xcconfig */,
				40C9A69521B5731224DB5B45 /* Pods-SpeedometerTests.debug.xcconfig */,
				FB83475782FCBA53BC1AB134 /* Pods-SpeedometerTests.release.xcconfig */,
			);
			path = Pods;
			sourceTree = "<group>";
		};
		9BA976F4249A1478002A5C2F = {
			isa = PBXGroup;
			children = (
				9BA976FF249A1479002A5C2F /* Speedometer */,
				9BA97716249A1480002A5C2F /* SpeedometerTests */,
				9BA97721249A1480002A5C2F /* SpeedometerUITests */,
				9BA976FE249A1479002A5C2F /* Products */,
				85CDF2EC2D5829F6024920F1 /* Pods */,
				D4A4B7AC2190250E1A48F428 /* Frameworks */,
			);
			sourceTree = "<group>";
		};
		9BA976FE249A1479002A5C2F /* Products */ = {
			isa = PBXGroup;
			children = (
				9BA976FD249A1479002A5C2F /* Speedometer.app */,
				9BA97713249A1480002A5C2F /* SpeedometerTests.xctest */,
				9BA9771E249A1480002A5C2F /* SpeedometerUITests.xctest */,
			);
			name = Products;
			sourceTree = "<group>";
		};
		9BA976FF249A1479002A5C2F /* Speedometer */ = {
			isa = PBXGroup;
			children = (
				9BE19227249A4EF6004527D3 /* Location */,
				9BA97700249A1479002A5C2F /* AppDelegate.swift */,
				9BA97702249A1479002A5C2F /* SceneDelegate.swift */,
				9BA97704249A1479002A5C2F /* ViewController.swift */,
				9BA97706249A1479002A5C2F /* Main.storyboard */,
				9BA97709249A147F002A5C2F /* Assets.xcassets */,
				9BA9770B249A147F002A5C2F /* LaunchScreen.storyboard */,
				9BA9770E249A147F002A5C2F /* Info.plist */,
			);
			path = Speedometer;
			sourceTree = "<group>";
		};
		9BA97716249A1480002A5C2F /* SpeedometerTests */ = {
			isa = PBXGroup;
			children = (
				9BA97717249A1480002A5C2F /* SpeedometerTests.swift */,
				9BA97719249A1480002A5C2F /* Info.plist */,
			);
			path = SpeedometerTests;
			sourceTree = "<group>";
		};
		9BA97721249A1480002A5C2F /* SpeedometerUITests */ = {
			isa = PBXGroup;
			children = (
				9BA97722249A1480002A5C2F /* SpeedometerUITests.swift */,
				9BA97724249A1480002A5C2F /* Info.plist */,
			);
			path = SpeedometerUITests;
			sourceTree = "<group>";
		};
		9BE19227249A4EF6004527D3 /* Location */ = {
			isa = PBXGroup;
			children = (
				9BE1922E249AD97C004527D3 /* SPDLocationSpeedProvider.swift */,
				9BE19230249ADD30004527D3 /* SPDLocationSpeedChecker.swift */,
				9BE1922C249ABDFE004527D3 /* SPDLocationProvider.swift */,
				9BE1922A249AA86C004527D3 /* SPDLocationAuthorization.swift */,
				9BE19228249A4F1C004527D3 /* SPDLocationManager.swift */,
				9BE19232249CF28D004527D3 /* MainAssembler.swift */,
			);
			path = Location;
			sourceTree = "<group>";
		};
		D4A4B7AC2190250E1A48F428 /* Frameworks */ = {
			isa = PBXGroup;
			children = (
				474C7CEAC4EEB8619226749A /* Pods_Speedometer.framework */,
				063A212AB3093780F1CF9E49 /* Pods_Speedometer_SpeedometerUITests.framework */,
				0802460EF39A63B907061BE5 /* Pods_SpeedometerTests.framework */,
			);
			name = Frameworks;
			sourceTree = "<group>";
		};
/* End PBXGroup section */

/* Begin PBXNativeTarget section */
		9BA976FC249A1479002A5C2F /* Speedometer */ = {
			isa = PBXNativeTarget;
			buildConfigurationList = 9BA97727249A1480002A5C2F /* Build configuration list for PBXNativeTarget "Speedometer" */;
			buildPhases = (
				8811D61F907E87D41830B443 /* [CP] Check Pods Manifest.lock */,
				9BA976F9249A1479002A5C2F /* Sources */,
				9BA976FA249A1479002A5C2F /* Frameworks */,
				9BA976FB249A1479002A5C2F /* Resources */,
				D3E90B91AB3EB524050EECDC /* [CP] Embed Pods Frameworks */,
			);
			buildRules = (
			);
			dependencies = (
			);
			name = Speedometer;
			productName = Speedometer;
			productReference = 9BA976FD249A1479002A5C2F /* Speedometer.app */;
			productType = "com.apple.product-type.application";
		};
		9BA97712249A1480002A5C2F /* SpeedometerTests */ = {
			isa = PBXNativeTarget;
			buildConfigurationList = 9BA9772A249A1480002A5C2F /* Build configuration list for PBXNativeTarget "SpeedometerTests" */;
			buildPhases = (
				938B84504CC7BAA528AFB0C4 /* [CP] Check Pods Manifest.lock */,
				9BA9770F249A1480002A5C2F /* Sources */,
				9BA97710249A1480002A5C2F /* Frameworks */,
				9BA97711249A1480002A5C2F /* Resources */,
			);
			buildRules = (
			);
			dependencies = (
				9BA97715249A1480002A5C2F /* PBXTargetDependency */,
			);
			name = SpeedometerTests;
			productName = SpeedometerTests;
			productReference = 9BA97713249A1480002A5C2F /* SpeedometerTests.xctest */;
			productType = "com.apple.product-type.bundle.unit-test";
		};
		9BA9771D249A1480002A5C2F /* SpeedometerUITests */ = {
			isa = PBXNativeTarget;
			buildConfigurationList = 9BA9772D249A1480002A5C2F /* Build configuration list for PBXNativeTarget "SpeedometerUITests" */;
			buildPhases = (
				A52C0E2F3DAE54B78657E4E0 /* [CP] Check Pods Manifest.lock */,
				9BA9771A249A1480002A5C2F /* Sources */,
				9BA9771B249A1480002A5C2F /* Frameworks */,
				9BA9771C249A1480002A5C2F /* Resources */,
				E356E23D90294869B2C8515D /* [CP] Embed Pods Frameworks */,
			);
			buildRules = (
			);
			dependencies = (
				9BA97720249A1480002A5C2F /* PBXTargetDependency */,
			);
			name = SpeedometerUITests;
			productName = SpeedometerUITests;
			productReference = 9BA9771E249A1480002A5C2F /* SpeedometerUITests.xctest */;
			productType = "com.apple.product-type.bundle.ui-testing";
		};
/* End PBXNativeTarget section */

/* Begin PBXProject section */
		9BA976F5249A1478002A5C2F /* Project object */ = {
			isa = PBXProject;
			attributes = {
				LastSwiftUpdateCheck = 1140;
				LastUpgradeCheck = 1140;
				ORGANIZATIONNAME = AliPishvaee;
				TargetAttributes = {
					9BA976FC249A1479002A5C2F = {
						CreatedOnToolsVersion = 11.4.1;
					};
					9BA97712249A1480002A5C2F = {
						CreatedOnToolsVersion = 11.4.1;
						TestTargetID = 9BA976FC249A1479002A5C2F;
					};
					9BA9771D249A1480002A5C2F = {
						CreatedOnToolsVersion = 11.4.1;
						TestTargetID = 9BA976FC249A1479002A5C2F;
					};
				};
			};
			buildConfigurationList = 9BA976F8249A1478002A5C2F /* Build configuration list for PBXProject "Speedometer" */;
			compatibilityVersion = "Xcode 9.3";
			developmentRegion = en;
			hasScannedForEncodings = 0;
			knownRegions = (
				en,
				Base,
			);
			mainGroup = 9BA976F4249A1478002A5C2F;
			productRefGroup = 9BA976FE249A1479002A5C2F /* Products */;
			projectDirPath = "";
			projectRoot = "";
			targets = (
				9BA976FC249A1479002A5C2F /* Speedometer */,
				9BA97712249A1480002A5C2F /* SpeedometerTests */,
				9BA9771D249A1480002A5C2F /* SpeedometerUITests */,
			);
		};
/* End PBXProject section */

/* Begin PBXResourcesBuildPhase section */
		9BA976FB249A1479002A5C2F /* Resources */ = {
			isa = PBXResourcesBuildPhase;
			buildActionMask = 2147483647;
			files = (
				9BA9770D249A147F002A5C2F /* LaunchScreen.storyboard in Resources */,
				9BA9770A249A147F002A5C2F /* Assets.xcassets in Resources */,
				9BA97708249A1479002A5C2F /* Main.storyboard in Resources */,
			);
			runOnlyForDeploymentPostprocessing = 0;
		};
		9BA97711249A1480002A5C2F /* Resources */ = {
			isa = PBXResourcesBuildPhase;
			buildActionMask = 2147483647;
			files = (
			);
			runOnlyForDeploymentPostprocessing = 0;
		};
		9BA9771C249A1480002A5C2F /* Resources */ = {
			isa = PBXResourcesBuildPhase;
			buildActionMask = 2147483647;
			files = (
			);
			runOnlyForDeploymentPostprocessing = 0;
		};
/* End PBXResourcesBuildPhase section */

/* Begin PBXShellScriptBuildPhase section */
		8811D61F907E87D41830B443 /* [CP] Check Pods Manifest.lock */ = {
			isa = PBXShellScriptBuildPhase;
			buildActionMask = 2147483647;
			files = (
			);
			inputFileListPaths = (
			);
			inputPaths = (
				"${PODS_PODFILE_DIR_PATH}/Podfile.lock",
				"${PODS_ROOT}/Manifest.lock",
			);
			name = "[CP] Check Pods Manifest.lock";
			outputFileListPaths = (
			);
			outputPaths = (
				"$(DERIVED_FILE_DIR)/Pods-Speedometer-checkManifestLockResult.txt",
			);
			runOnlyForDeploymentPostprocessing = 0;
			shellPath = /bin/sh;
			shellScript = "diff \"${PODS_PODFILE_DIR_PATH}/Podfile.lock\" \"${PODS_ROOT}/Manifest.lock\" > /dev/null\nif [ $? != 0 ] ; then\n    # print error to STDERR\n    echo \"error: The sandbox is not in sync with the Podfile.lock. Run 'pod install' or update your CocoaPods installation.\" >&2\n    exit 1\nfi\n# This output is used by Xcode 'outputs' to avoid re-running this script phase.\necho \"SUCCESS\" > \"${SCRIPT_OUTPUT_FILE_0}\"\n";
			showEnvVarsInLog = 0;
		};
		938B84504CC7BAA528AFB0C4 /* [CP] Check Pods Manifest.lock */ = {
			isa = PBXShellScriptBuildPhase;
			buildActionMask = 2147483647;
			files = (
			);
			inputFileListPaths = (
			);
			inputPaths = (
				"${PODS_PODFILE_DIR_PATH}/Podfile.lock",
				"${PODS_ROOT}/Manifest.lock",
			);
			name = "[CP] Check Pods Manifest.lock";
			outputFileListPaths = (
			);
			outputPaths = (
				"$(DERIVED_FILE_DIR)/Pods-SpeedometerTests-checkManifestLockResult.txt",
			);
			runOnlyForDeploymentPostprocessing = 0;
			shellPath = /bin/sh;
			shellScript = "diff \"${PODS_PODFILE_DIR_PATH}/Podfile.lock\" \"${PODS_ROOT}/Manifest.lock\" > /dev/null\nif [ $? != 0 ] ; then\n    # print error to STDERR\n    echo \"error: The sandbox is not in sync with the Podfile.lock. Run 'pod install' or update your CocoaPods installation.\" >&2\n    exit 1\nfi\n# This output is used by Xcode 'outputs' to avoid re-running this script phase.\necho \"SUCCESS\" > \"${SCRIPT_OUTPUT_FILE_0}\"\n";
			showEnvVarsInLog = 0;
		};
		A52C0E2F3DAE54B78657E4E0 /* [CP] Check Pods Manifest.lock */ = {
			isa = PBXShellScriptBuildPhase;
			buildActionMask = 2147483647;
			files = (
			);
			inputFileListPaths = (
			);
			inputPaths = (
				"${PODS_PODFILE_DIR_PATH}/Podfile.lock",
				"${PODS_ROOT}/Manifest.lock",
			);
			name = "[CP] Check Pods Manifest.lock";
			outputFileListPaths = (
			);
			outputPaths = (
				"$(DERIVED_FILE_DIR)/Pods-Speedometer-SpeedometerUITests-checkManifestLockResult.txt",
			);
			runOnlyForDeploymentPostprocessing = 0;
			shellPath = /bin/sh;
			shellScript = "diff \"${PODS_PODFILE_DIR_PATH}/Podfile.lock\" \"${PODS_ROOT}/Manifest.lock\" > /dev/null\nif [ $? != 0 ] ; then\n    # print error to STDERR\n    echo \"error: The sandbox is not in sync with the Podfile.lock. Run 'pod install' or update your CocoaPods installation.\" >&2\n    exit 1\nfi\n# This output is used by Xcode 'outputs' to avoid re-running this script phase.\necho \"SUCCESS\" > \"${SCRIPT_OUTPUT_FILE_0}\"\n";
			showEnvVarsInLog = 0;
		};
		D3E90B91AB3EB524050EECDC /* [CP] Embed Pods Frameworks */ = {
			isa = PBXShellScriptBuildPhase;
			buildActionMask = 2147483647;
			files = (
			);
			inputFileListPaths = (
				"${PODS_ROOT}/Target Support Files/Pods-Speedometer/Pods-Speedometer-frameworks-${CONFIGURATION}-input-files.xcfilelist",
			);
			name = "[CP] Embed Pods Frameworks";
			outputFileListPaths = (
				"${PODS_ROOT}/Target Support Files/Pods-Speedometer/Pods-Speedometer-frameworks-${CONFIGURATION}-output-files.xcfilelist",
			);
			runOnlyForDeploymentPostprocessing = 0;
			shellPath = /bin/sh;
			shellScript = "\"${PODS_ROOT}/Target Support Files/Pods-Speedometer/Pods-Speedometer-frameworks.sh\"\n";
			showEnvVarsInLog = 0;
		};
		E356E23D90294869B2C8515D /* [CP] Embed Pods Frameworks */ = {
			isa = PBXShellScriptBuildPhase;
			buildActionMask = 2147483647;
			files = (
			);
			inputFileListPaths = (
				"${PODS_ROOT}/Target Support Files/Pods-Speedometer-SpeedometerUITests/Pods-Speedometer-SpeedometerUITests-frameworks-${CONFIGURATION}-input-files.xcfilelist",
			);
			name = "[CP] Embed Pods Frameworks";
			outputFileListPaths = (
				"${PODS_ROOT}/Target Support Files/Pods-Speedometer-SpeedometerUITests/Pods-Speedometer-SpeedometerUITests-frameworks-${CONFIGURATION}-output-files.xcfilelist",
			);
			runOnlyForDeploymentPostprocessing = 0;
			shellPath = /bin/sh;
			shellScript = "\"${PODS_ROOT}/Target Support Files/Pods-Speedometer-SpeedometerUITests/Pods-Speedometer-SpeedometerUITests-frameworks.sh\"\n";
			showEnvVarsInLog = 0;
		};
/* End PBXShellScriptBuildPhase section */

/* Begin PBXSourcesBuildPhase section */
		9BA976F9249A1479002A5C2F /* Sources */ = {
			isa = PBXSourcesBuildPhase;
			buildActionMask = 2147483647;
			files = (
				9BA97705249A1479002A5C2F /* ViewController.swift in Sources */,
				9BA97701249A1479002A5C2F /* AppDelegate.swift in Sources */,
				9BE1922B249AA86C004527D3 /* SPDLocationAuthorization.swift in Sources */,
				9BE1922D249ABDFE004527D3 /* SPDLocationProvider.swift in Sources */,
				9BE1922F249AD97C004527D3 /* SPDLocationSpeedProvider.swift in Sources */,
				9BE19229249A4F1C004527D3 /* SPDLocationManager.swift in Sources */,
				9BE19231249ADD30004527D3 /* SPDLocationSpeedChecker.swift in Sources */,
				9BA97703249A1479002A5C2F /* SceneDelegate.swift in Sources */,
				9BE19233249CF28D004527D3 /* MainAssembler.swift in Sources */,
			);
			runOnlyForDeploymentPostprocessing = 0;
		};
		9BA9770F249A1480002A5C2F /* Sources */ = {
			isa = PBXSourcesBuildPhase;
			buildActionMask = 2147483647;
			files = (
				9BA97718249A1480002A5C2F /* SpeedometerTests.swift in Sources */,
			);
			runOnlyForDeploymentPostprocessing = 0;
		};
		9BA9771A249A1480002A5C2F /* Sources */ = {
			isa = PBXSourcesBuildPhase;
			buildActionMask = 2147483647;
			files = (
				9BA97723249A1480002A5C2F /* SpeedometerUITests.swift in Sources */,
			);
			runOnlyForDeploymentPostprocessing = 0;
		};
/* End PBXSourcesBuildPhase section */

/* Begin PBXTargetDependency section */
		9BA97715249A1480002A5C2F /* PBXTargetDependency */ = {
			isa = PBXTargetDependency;
			target = 9BA976FC249A1479002A5C2F /* Speedometer */;
			targetProxy = 9BA97714249A1480002A5C2F /* PBXContainerItemProxy */;
		};
		9BA97720249A1480002A5C2F /* PBXTargetDependency */ = {
			isa = PBXTargetDependency;
			target = 9BA976FC249A1479002A5C2F /* Speedometer */;
			targetProxy = 9BA9771F249A1480002A5C2F /* PBXContainerItemProxy */;
		};
/* End PBXTargetDependency section */

/* Begin PBXVariantGroup section */
		9BA97706249A1479002A5C2F /* Main.storyboard */ = {
			isa = PBXVariantGroup;
			children = (
				9BA97707249A1479002A5C2F /* Base */,
			);
			name = Main.storyboard;
			sourceTree = "<group>";
		};
		9BA9770B249A147F002A5C2F /* LaunchScreen.storyboard */ = {
			isa = PBXVariantGroup;
			children = (
				9BA9770C249A147F002A5C2F /* Base */,
			);
			name = LaunchScreen.storyboard;
			sourceTree = "<group>";
		};
/* End PBXVariantGroup section */

/* Begin XCBuildConfiguration section */
		9BA97725249A1480002A5C2F /* Debug */ = {
			isa = XCBuildConfiguration;
			buildSettings = {
				ALWAYS_SEARCH_USER_PATHS = NO;
				CLANG_ANALYZER_NONNULL = YES;
				CLANG_ANALYZER_NUMBER_OBJECT_CONVERSION = YES_AGGRESSIVE;
				CLANG_CXX_LANGUAGE_STANDARD = "gnu++14";
				CLANG_CXX_LIBRARY = "libc++";
				CLANG_ENABLE_MODULES = YES;
				CLANG_ENABLE_OBJC_ARC = YES;
				CLANG_ENABLE_OBJC_WEAK = YES;
				CLANG_WARN_BLOCK_CAPTURE_AUTORELEASING = YES;
				CLANG_WARN_BOOL_CONVERSION = YES;
				CLANG_WARN_COMMA = YES;
				CLANG_WARN_CONSTANT_CONVERSION = YES;
				CLANG_WARN_DEPRECATED_OBJC_IMPLEMENTATIONS = YES;
				CLANG_WARN_DIRECT_OBJC_ISA_USAGE = YES_ERROR;
				CLANG_WARN_DOCUMENTATION_COMMENTS = YES;
				CLANG_WARN_EMPTY_BODY = YES;
				CLANG_WARN_ENUM_CONVERSION = YES;
				CLANG_WARN_INFINITE_RECURSION = YES;
				CLANG_WARN_INT_CONVERSION = YES;
				CLANG_WARN_NON_LITERAL_NULL_CONVERSION = YES;
				CLANG_WARN_OBJC_IMPLICIT_RETAIN_SELF = YES;
				CLANG_WARN_OBJC_LITERAL_CONVERSION = YES;
				CLANG_WARN_OBJC_ROOT_CLASS = YES_ERROR;
				CLANG_WARN_RANGE_LOOP_ANALYSIS = YES;
				CLANG_WARN_STRICT_PROTOTYPES = YES;
				CLANG_WARN_SUSPICIOUS_MOVE = YES;
				CLANG_WARN_UNGUARDED_AVAILABILITY = YES_AGGRESSIVE;
				CLANG_WARN_UNREACHABLE_CODE = YES;
				CLANG_WARN__DUPLICATE_METHOD_MATCH = YES;
				COPY_PHASE_STRIP = NO;
				DEBUG_INFORMATION_FORMAT = dwarf;
				ENABLE_STRICT_OBJC_MSGSEND = YES;
				ENABLE_TESTABILITY = YES;
				GCC_C_LANGUAGE_STANDARD = gnu11;
				GCC_DYNAMIC_NO_PIC = NO;
				GCC_NO_COMMON_BLOCKS = YES;
				GCC_OPTIMIZATION_LEVEL = 0;
				GCC_PREPROCESSOR_DEFINITIONS = (
					"DEBUG=1",
					"$(inherited)",
				);
				GCC_WARN_64_TO_32_BIT_CONVERSION = YES;
				GCC_WARN_ABOUT_RETURN_TYPE = YES_ERROR;
				GCC_WARN_UNDECLARED_SELECTOR = YES;
				GCC_WARN_UNINITIALIZED_AUTOS = YES_AGGRESSIVE;
				GCC_WARN_UNUSED_FUNCTION = YES;
				GCC_WARN_UNUSED_VARIABLE = YES;
				IPHONEOS_DEPLOYMENT_TARGET = 13.4;
				MTL_ENABLE_DEBUG_INFO = INCLUDE_SOURCE;
				MTL_FAST_MATH = YES;
				ONLY_ACTIVE_ARCH = YES;
				SDKROOT = iphoneos;
				SWIFT_ACTIVE_COMPILATION_CONDITIONS = DEBUG;
				SWIFT_OPTIMIZATION_LEVEL = "-Onone";
			};
			name = Debug;
		};
		9BA97726249A1480002A5C2F /* Release */ = {
			isa = XCBuildConfiguration;
			buildSettings = {
				ALWAYS_SEARCH_USER_PATHS = NO;
				CLANG_ANALYZER_NONNULL = YES;
				CLANG_ANALYZER_NUMBER_OBJECT_CONVERSION = YES_AGGRESSIVE;
				CLANG_CXX_LANGUAGE_STANDARD = "gnu++14";
				CLANG_CXX_LIBRARY = "libc++";
				CLANG_ENABLE_MODULES = YES;
				CLANG_ENABLE_OBJC_ARC = YES;
				CLANG_ENABLE_OBJC_WEAK = YES;
				CLANG_WARN_BLOCK_CAPTURE_AUTORELEASING = YES;
				CLANG_WARN_BOOL_CONVERSION = YES;
				CLANG_WARN_COMMA = YES;
				CLANG_WARN_CONSTANT_CONVERSION = YES;
				CLANG_WARN_DEPRECATED_OBJC_IMPLEMENTATIONS = YES;
				CLANG_WARN_DIRECT_OBJC_ISA_USAGE = YES_ERROR;
				CLANG_WARN_DOCUMENTATION_COMMENTS = YES;
				CLANG_WARN_EMPTY_BODY = YES;
				CLANG_WARN_ENUM_CONVERSION = YES;
				CLANG_WARN_INFINITE_RECURSION = YES;
				CLANG_WARN_INT_CONVERSION = YES;
				CLANG_WARN_NON_LITERAL_NULL_CONVERSION = YES;
				CLANG_WARN_OBJC_IMPLICIT_RETAIN_SELF = YES;
				CLANG_WARN_OBJC_LITERAL_CONVERSION = YES;
				CLANG_WARN_OBJC_ROOT_CLASS = YES_ERROR;
				CLANG_WARN_RANGE_LOOP_ANALYSIS = YES;
				CLANG_WARN_STRICT_PROTOTYPES = YES;
				CLANG_WARN_SUSPICIOUS_MOVE = YES;
				CLANG_WARN_UNGUARDED_AVAILABILITY = YES_AGGRESSIVE;
				CLANG_WARN_UNREACHABLE_CODE = YES;
				CLANG_WARN__DUPLICATE_METHOD_MATCH = YES;
				COPY_PHASE_STRIP = NO;
				DEBUG_INFORMATION_FORMAT = "dwarf-with-dsym";
				ENABLE_NS_ASSERTIONS = NO;
				ENABLE_STRICT_OBJC_MSGSEND = YES;
				GCC_C_LANGUAGE_STANDARD = gnu11;
				GCC_NO_COMMON_BLOCKS = YES;
				GCC_WARN_64_TO_32_BIT_CONVERSION = YES;
				GCC_WARN_ABOUT_RETURN_TYPE = YES_ERROR;
				GCC_WARN_UNDECLARED_SELECTOR = YES;
				GCC_WARN_UNINITIALIZED_AUTOS = YES_AGGRESSIVE;
				GCC_WARN_UNUSED_FUNCTION = YES;
				GCC_WARN_UNUSED_VARIABLE = YES;
				IPHONEOS_DEPLOYMENT_TARGET = 13.4;
				MTL_ENABLE_DEBUG_INFO = NO;
				MTL_FAST_MATH = YES;
				SDKROOT = iphoneos;
				SWIFT_COMPILATION_MODE = wholemodule;
				SWIFT_OPTIMIZATION_LEVEL = "-O";
				VALIDATE_PRODUCT = YES;
			};
			name = Release;
		};
		9BA97728249A1480002A5C2F /* Debug */ = {
			isa = XCBuildConfiguration;
			baseConfigurationReference = A10DF6664744B4FC36979D52 /* Pods-Speedometer.debug.xcconfig */;
			buildSettings = {
				ASSETCATALOG_COMPILER_APPICON_NAME = AppIcon;
				CODE_SIGN_STYLE = Automatic;
				DEVELOPMENT_TEAM = K28F8V87DB;
				INFOPLIST_FILE = Speedometer/Info.plist;
				LD_RUNPATH_SEARCH_PATHS = (
					"$(inherited)",
					"@executable_path/Frameworks",
				);
				PRODUCT_BUNDLE_IDENTIFIER = iO.AliPishvaee.Speedometer;
				PRODUCT_NAME = "$(TARGET_NAME)";
				SWIFT_VERSION = 5.0;
				TARGETED_DEVICE_FAMILY = "1,2";
			};
			name = Debug;
		};
		9BA97729249A1480002A5C2F /* Release */ = {
			isa = XCBuildConfiguration;
			baseConfigurationReference = 084D99D4BEDFC176EA5F555B /* Pods-Speedometer.release.xcconfig */;
			buildSettings = {
				ASSETCATALOG_COMPILER_APPICON_NAME = AppIcon;
				CODE_SIGN_STYLE = Automatic;
				DEVELOPMENT_TEAM = K28F8V87DB;
				INFOPLIST_FILE = Speedometer/Info.plist;
				LD_RUNPATH_SEARCH_PATHS = (
					"$(inherited)",
					"@executable_path/Frameworks",
				);
				PRODUCT_BUNDLE_IDENTIFIER = iO.AliPishvaee.Speedometer;
				PRODUCT_NAME = "$(TARGET_NAME)";
				SWIFT_VERSION = 5.0;
				TARGETED_DEVICE_FAMILY = "1,2";
			};
			name = Release;
		};
		9BA9772B249A1480002A5C2F /* Debug */ = {
			isa = XCBuildConfiguration;
			baseConfigurationReference = 40C9A69521B5731224DB5B45 /* Pods-SpeedometerTests.debug.xcconfig */;
			buildSettings = {
				ALWAYS_EMBED_SWIFT_STANDARD_LIBRARIES = YES;
				BUNDLE_LOADER = "$(TEST_HOST)";
				CODE_SIGN_STYLE = Automatic;
				DEVELOPMENT_TEAM = K28F8V87DB;
				INFOPLIST_FILE = SpeedometerTests/Info.plist;
				IPHONEOS_DEPLOYMENT_TARGET = 13.4;
				LD_RUNPATH_SEARCH_PATHS = (
					"$(inherited)",
					"@executable_path/Frameworks",
					"@loader_path/Frameworks",
				);
				PRODUCT_BUNDLE_IDENTIFIER = iO.AliPishvaee.SpeedometerTests;
				PRODUCT_NAME = "$(TARGET_NAME)";
				SWIFT_VERSION = 5.0;
				TARGETED_DEVICE_FAMILY = "1,2";
				TEST_HOST = "$(BUILT_PRODUCTS_DIR)/Speedometer.app/Speedometer";
			};
			name = Debug;
		};
		9BA9772C249A1480002A5C2F /* Release */ = {
			isa = XCBuildConfiguration;
			baseConfigurationReference = FB83475782FCBA53BC1AB134 /* Pods-SpeedometerTests.release.xcconfig */;
			buildSettings = {
				ALWAYS_EMBED_SWIFT_STANDARD_LIBRARIES = YES;
				BUNDLE_LOADER = "$(TEST_HOST)";
				CODE_SIGN_STYLE = Automatic;
				DEVELOPMENT_TEAM = K28F8V87DB;
				INFOPLIST_FILE = SpeedometerTests/Info.plist;
				IPHONEOS_DEPLOYMENT_TARGET = 13.4;
				LD_RUNPATH_SEARCH_PATHS = (
					"$(inherited)",
					"@executable_path/Frameworks",
					"@loader_path/Frameworks",
				);
				PRODUCT_BUNDLE_IDENTIFIER = iO.AliPishvaee.SpeedometerTests;
				PRODUCT_NAME = "$(TARGET_NAME)";
				SWIFT_VERSION = 5.0;
				TARGETED_DEVICE_FAMILY = "1,2";
				TEST_HOST = "$(BUILT_PRODUCTS_DIR)/Speedometer.app/Speedometer";
			};
			name = Release;
		};
		9BA9772E249A1480002A5C2F /* Debug */ = {
			isa = XCBuildConfiguration;
			baseConfigurationReference = 5E5E3A5FEFE4A4FFC3CC8801 /* Pods-Speedometer-SpeedometerUITests.debug.xcconfig */;
			buildSettings = {
				ALWAYS_EMBED_SWIFT_STANDARD_LIBRARIES = YES;
				CODE_SIGN_STYLE = Automatic;
				DEVELOPMENT_TEAM = K28F8V87DB;
				INFOPLIST_FILE = SpeedometerUITests/Info.plist;
				LD_RUNPATH_SEARCH_PATHS = (
					"$(inherited)",
					"@executable_path/Frameworks",
					"@loader_path/Frameworks",
				);
				PRODUCT_BUNDLE_IDENTIFIER = iO.AliPishvaee.SpeedometerUITests;
				PRODUCT_NAME = "$(TARGET_NAME)";
				SWIFT_VERSION = 5.0;
				TARGETED_DEVICE_FAMILY = "1,2";
				TEST_TARGET_NAME = Speedometer;
			};
			name = Debug;
		};
		9BA9772F249A1480002A5C2F /* Release */ = {
			isa = XCBuildConfiguration;
			baseConfigurationReference = B9DA22B5D812465507295ED9 /* Pods-Speedometer-SpeedometerUITests.release.xcconfig */;
			buildSettings = {
				ALWAYS_EMBED_SWIFT_STANDARD_LIBRARIES = YES;
				CODE_SIGN_STYLE = Automatic;
				DEVELOPMENT_TEAM = K28F8V87DB;
				INFOPLIST_FILE = SpeedometerUITests/Info.plist;
				LD_RUNPATH_SEARCH_PATHS = (
					"$(inherited)",
					"@executable_path/Frameworks",
					"@loader_path/Frameworks",
				);
				PRODUCT_BUNDLE_IDENTIFIER = iO.AliPishvaee.SpeedometerUITests;
				PRODUCT_NAME = "$(TARGET_NAME)";
				SWIFT_VERSION = 5.0;
				TARGETED_DEVICE_FAMILY = "1,2";
				TEST_TARGET_NAME = Speedometer;
			};
			name = Release;
		};
/* End XCBuildConfiguration section */

/* Begin XCConfigurationList section */
		9BA976F8249A1478002A5C2F /* Build configuration list for PBXProject "Speedometer" */ = {
			isa = XCConfigurationList;
			buildConfigurations = (
				9BA97725249A1480002A5C2F /* Debug */,
				9BA97726249A1480002A5C2F /* Release */,
			);
			defaultConfigurationIsVisible = 0;
			defaultConfigurationName = Release;
		};
		9BA97727249A1480002A5C2F /* Build configuration list for PBXNativeTarget "Speedometer" */ = {
			isa = XCConfigurationList;
			buildConfigurations = (
				9BA97728249A1480002A5C2F /* Debug */,
				9BA97729249A1480002A5C2F /* Release */,
			);
			defaultConfigurationIsVisible = 0;
			defaultConfigurationName = Release;
		};
		9BA9772A249A1480002A5C2F /* Build configuration list for PBXNativeTarget "SpeedometerTests" */ = {
			isa = XCConfigurationList;
			buildConfigurations = (
				9BA9772B249A1480002A5C2F /* Debug */,
				9BA9772C249A1480002A5C2F /* Release */,
			);
			defaultConfigurationIsVisible = 0;
			defaultConfigurationName = Release;
		};
		9BA9772D249A1480002A5C2F /* Build configuration list for PBXNativeTarget "SpeedometerUITests" */ = {
			isa = XCConfigurationList;
			buildConfigurations = (
				9BA9772E249A1480002A5C2F /* Debug */,
				9BA9772F249A1480002A5C2F /* Release */,
			);
			defaultConfigurationIsVisible = 0;
			defaultConfigurationName = Release;
		};
/* End XCConfigurationList section */
	};
	rootObject = 9BA976F5249A1478002A5C2F /* Project object */;
}
